
Microsoft Visual Studio Solution File, Format Version 12.00
# Visual Studio Version 17
VisualStudioVersion = 17.7.34031.279
MinimumVisualStudioVersion = 10.0.40219.1
Project("{FAE04EC0-301F-11D3-BF4B-00C04F79EFBC}") = "TestedeAPI", "TestedeAPI\TestedeAPI.csproj", "{FEF0AE60-9F5F-4FEC-A0BB-63B627168DD2}"
EndProject
Global
	GlobalSection(SolutionConfigurationPlatforms) = preSolution
		Debug|Any CPU = Debug|Any CPU
		Release|Any CPU = Release|Any CPU
	EndGlobalSection
	GlobalSection(ProjectConfigurationPlatforms) = postSolution
		{FEF0AE60-9F5F-4FEC-A0BB-63B627168DD2}.Debug|Any CPU.ActiveCfg = Debug|Any CPU
		{FEF0AE60-9F5F-4FEC-A0BB-63B627168DD2}.Debug|Any CPU.Build.0 = Debug|Any CPU
		{FEF0AE60-9F5F-4FEC-A0BB-63B627168DD2}.Release|Any CPU.ActiveCfg = Release|Any CPU
		{FEF0AE60-9F5F-4FEC-A0BB-63B627168DD2}.Release|Any CPU.Build.0 = Release|Any CPU
	EndGlobalSection
	GlobalSection(SolutionProperties) = preSolution
		HideSolutionNode = FALSE
	EndGlobalSection
	GlobalSection(ExtensibilityGlobals) = postSolution
		SolutionGuid = {C17B1624-3F19-43BC-B2A2-B859F47DFE97}
	EndGlobalSection
EndGlobal
